// !$*UTF8*$!
{
	archiveVersion = 1;
	classes = {
	};
	objectVersion = 51;
	objects = {

/* Begin PBXBuildFile section */
		55618FC323150990005F1E0B /* AppDelegate.swift in Sources */ = {isa = PBXBuildFile; fileRef = 55618FC223150990005F1E0B /* AppDelegate.swift */; };
		55618FC523150990005F1E0B /* ViewController.swift in Sources */ = {isa = PBXBuildFile; fileRef = 55618FC423150990005F1E0B /* ViewController.swift */; };
		55618FC823150990005F1E0B /* Main.storyboard in Resources */ = {isa = PBXBuildFile; fileRef = 55618FC623150990005F1E0B /* Main.storyboard */; };
		55618FCA23150991005F1E0B /* Assets.xcassets in Resources */ = {isa = PBXBuildFile; fileRef = 55618FC923150991005F1E0B /* Assets.xcassets */; };
		55618FCD23150991005F1E0B /* LaunchScreen.storyboard in Resources */ = {isa = PBXBuildFile; fileRef = 55618FCB23150991005F1E0B /* LaunchScreen.storyboard */; };
		55618FD7231509D2005F1E0B /* MobileItem.storyboard in Resources */ = {isa = PBXBuildFile; fileRef = 55618FD6231509D2005F1E0B /* MobileItem.storyboard */; };
		55618FD9231509ED005F1E0B /* MobileItemViewController.swift in Sources */ = {isa = PBXBuildFile; fileRef = 55618FD8231509ED005F1E0B /* MobileItemViewController.swift */; };
		55618FDF23150A17005F1E0B /* Model.swift in Sources */ = {isa = PBXBuildFile; fileRef = 55618FDE23150A17005F1E0B /* Model.swift */; };
		559339B32316E3DB004CF269 /* PictureModel.swift in Sources */ = {isa = PBXBuildFile; fileRef = 559339B22316E3DB004CF269 /* PictureModel.swift */; };
		55F4AD7E231513B6004417D5 /* MobileTableViewCell.swift in Sources */ = {isa = PBXBuildFile; fileRef = 55F4AD7D231513B6004417D5 /* MobileTableViewCell.swift */; };
		55F4AD8323151B71004417D5 /* FeedData.swift in Sources */ = {isa = PBXBuildFile; fileRef = 55F4AD8223151B71004417D5 /* FeedData.swift */; };
		55F4AD85231540D1004417D5 /* Additional.swift in Sources */ = {isa = PBXBuildFile; fileRef = 55F4AD84231540D1004417D5 /* Additional.swift */; };
		55F9EDA123161D9F00D2366E /* star.png in Resources */ = {isa = PBXBuildFile; fileRef = 55F9ED9F23161D9F00D2366E /* star.png */; };
		55F9EDA223161D9F00D2366E /* star-tap.png in Resources */ = {isa = PBXBuildFile; fileRef = 55F9EDA023161D9F00D2366E /* star-tap.png */; };
		55F9EDA8231638AE00D2366E /* DetailViewController.swift in Sources */ = {isa = PBXBuildFile; fileRef = 55F9EDA7231638AE00D2366E /* DetailViewController.swift */; };
		55F9EDAA231638D400D2366E /* DetailCollectionViewCell.swift in Sources */ = {isa = PBXBuildFile; fileRef = 55F9EDA9231638D400D2366E /* DetailCollectionViewCell.swift */; };
		55F9EDAC23163AFA00D2366E /* Detail.storyboard in Resources */ = {isa = PBXBuildFile; fileRef = 55F9EDAB23163AFA00D2366E /* Detail.storyboard */; };
		86AAE0A4E13A4DF0A1DA876F /* Pods_MobileBuyer.framework in Frameworks */ = {isa = PBXBuildFile; fileRef = 2FDEC84C41047ECACF0F85B0 /* Pods_MobileBuyer.framework */; };
/* End PBXBuildFile section */

/* Begin PBXFileReference section */
		2FDEC84C41047ECACF0F85B0 /* Pods_MobileBuyer.framework */ = {isa = PBXFileReference; explicitFileType = wrapper.framework; includeInIndex = 0; path = Pods_MobileBuyer.framework; sourceTree = BUILT_PRODUCTS_DIR; };
		55618FBF23150990005F1E0B /* MobileBuyer.app */ = {isa = PBXFileReference; explicitFileType = wrapper.application; includeInIndex = 0; path = MobileBuyer.app; sourceTree = BUILT_PRODUCTS_DIR; };
		55618FC223150990005F1E0B /* AppDelegate.swift */ = {isa = PBXFileReference; lastKnownFileType = sourcecode.swift; path = AppDelegate.swift; sourceTree = "<group>"; };
		55618FC423150990005F1E0B /* ViewController.swift */ = {isa = PBXFileReference; lastKnownFileType = sourcecode.swift; path = ViewController.swift; sourceTree = "<group>"; };
		55618FC723150990005F1E0B /* Base */ = {isa = PBXFileReference; lastKnownFileType = file.storyboard; name = Base; path = Base.lproj/Main.storyboard; sourceTree = "<group>"; };
		55618FC923150991005F1E0B /* Assets.xcassets */ = {isa = PBXFileReference; lastKnownFileType = folder.assetcatalog; path = Assets.xcassets; sourceTree = "<group>"; };
		55618FCC23150991005F1E0B /* Base */ = {isa = PBXFileReference; lastKnownFileType = file.storyboard; name = Base; path = Base.lproj/LaunchScreen.storyboard; sourceTree = "<group>"; };
		55618FCE23150991005F1E0B /* Info.plist */ = {isa = PBXFileReference; lastKnownFileType = text.plist.xml; path = Info.plist; sourceTree = "<group>"; };
		55618FD6231509D2005F1E0B /* MobileItem.storyboard */ = {isa = PBXFileReference; lastKnownFileType = file.storyboard; path = MobileItem.storyboard; sourceTree = "<group>"; };
		55618FD8231509ED005F1E0B /* MobileItemViewController.swift */ = {isa = PBXFileReference; lastKnownFileType = sourcecode.swift; path = MobileItemViewController.swift; sourceTree = "<group>"; };
		55618FDE23150A17005F1E0B /* Model.swift */ = {isa = PBXFileReference; lastKnownFileType = sourcecode.swift; path = Model.swift; sourceTree = "<group>"; };
		559339B22316E3DB004CF269 /* PictureModel.swift */ = {isa = PBXFileReference; lastKnownFileType = sourcecode.swift; path = PictureModel.swift; sourceTree = "<group>"; };
		55F4AD7D231513B6004417D5 /* MobileTableViewCell.swift */ = {isa = PBXFileReference; lastKnownFileType = sourcecode.swift; path = MobileTableViewCell.swift; sourceTree = "<group>"; };
		55F4AD8223151B71004417D5 /* FeedData.swift */ = {isa = PBXFileReference; lastKnownFileType = sourcecode.swift; path = FeedData.swift; sourceTree = "<group>"; };
		55F4AD84231540D1004417D5 /* Additional.swift */ = {isa = PBXFileReference; lastKnownFileType = sourcecode.swift; path = Additional.swift; sourceTree = "<group>"; };
		55F9ED9F23161D9F00D2366E /* star.png */ = {isa = PBXFileReference; lastKnownFileType = image.png; path = star.png; sourceTree = "<group>"; };
		55F9EDA023161D9F00D2366E /* star-tap.png */ = {isa = PBXFileReference; lastKnownFileType = image.png; path = "star-tap.png"; sourceTree = "<group>"; };
		55F9EDA7231638AE00D2366E /* DetailViewController.swift */ = {isa = PBXFileReference; lastKnownFileType = sourcecode.swift; path = DetailViewController.swift; sourceTree = "<group>"; };
		55F9EDA9231638D400D2366E /* DetailCollectionViewCell.swift */ = {isa = PBXFileReference; lastKnownFileType = sourcecode.swift; path = DetailCollectionViewCell.swift; sourceTree = "<group>"; };
		55F9EDAB23163AFA00D2366E /* Detail.storyboard */ = {isa = PBXFileReference; lastKnownFileType = file.storyboard; path = Detail.storyboard; sourceTree = "<group>"; };
		9E3795D4F221463163D3D0EC /* Pods-MobileBuyer.release.xcconfig */ = {isa = PBXFileReference; includeInIndex = 1; lastKnownFileType = text.xcconfig; name = "Pods-MobileBuyer.release.xcconfig"; path = "Target Support Files/Pods-MobileBuyer/Pods-MobileBuyer.release.xcconfig"; sourceTree = "<group>"; };
		BD735ABF97C1FF13AB6395ED /* Pods-MobileBuyer.debug.xcconfig */ = {isa = PBXFileReference; includeInIndex = 1; lastKnownFileType = text.xcconfig; name = "Pods-MobileBuyer.debug.xcconfig"; path = "Target Support Files/Pods-MobileBuyer/Pods-MobileBuyer.debug.xcconfig"; sourceTree = "<group>"; };
/* End PBXFileReference section */

/* Begin PBXFrameworksBuildPhase section */
		55618FBC23150990005F1E0B /* Frameworks */ = {
			isa = PBXFrameworksBuildPhase;
			buildActionMask = 2147483647;
			files = (
				86AAE0A4E13A4DF0A1DA876F /* Pods_MobileBuyer.framework in Frameworks */,
			);
			runOnlyForDeploymentPostprocessing = 0;
		};
/* End PBXFrameworksBuildPhase section */

/* Begin PBXGroup section */
		28C27048A3FB9EBFDCCAFC5C /* Pods */ = {
			isa = PBXGroup;
			children = (
				BD735ABF97C1FF13AB6395ED /* Pods-MobileBuyer.debug.xcconfig */,
				9E3795D4F221463163D3D0EC /* Pods-MobileBuyer.release.xcconfig */,
			);
			path = Pods;
			sourceTree = "<group>";
		};
		55618FB623150990005F1E0B = {
			isa = PBXGroup;
			children = (
				55618FC123150990005F1E0B /* MobileBuyer */,
				55618FC023150990005F1E0B /* Products */,
				28C27048A3FB9EBFDCCAFC5C /* Pods */,
				5E52BF965F5317DEC6C16C27 /* Frameworks */,
			);
			sourceTree = "<group>";
		};
		55618FC023150990005F1E0B /* Products */ = {
			isa = PBXGroup;
			children = (
				55618FBF23150990005F1E0B /* MobileBuyer.app */,
			);
			name = Products;
			sourceTree = "<group>";
		};
		55618FC123150990005F1E0B /* MobileBuyer */ = {
			isa = PBXGroup;
			children = (
				55618FDE23150A17005F1E0B /* Model.swift */,
				559339B22316E3DB004CF269 /* PictureModel.swift */,
				55F4AD8223151B71004417D5 /* FeedData.swift */,
				55F4AD84231540D1004417D5 /* Additional.swift */,
				559339AD23164DBE004CF269 /* Storyboard */,
				559339AE23164DC6004CF269 /* Controller */,
				559339AF23164DCF004CF269 /* Cell */,
				55F9ED9E23161D8A00D2366E /* Image */,
				55618FC623150990005F1E0B /* Main.storyboard */,
				55618FC223150990005F1E0B /* AppDelegate.swift */,
				55618FC423150990005F1E0B /* ViewController.swift */,
				55618FC923150991005F1E0B /* Assets.xcassets */,
				55618FCB23150991005F1E0B /* LaunchScreen.storyboard */,
				55618FCE23150991005F1E0B /* Info.plist */,
			);
			path = MobileBuyer;
			sourceTree = "<group>";
		};
		559339AD23164DBE004CF269 /* Storyboard */ = {
			isa = PBXGroup;
			children = (
				55618FD6231509D2005F1E0B /* MobileItem.storyboard */,
				55F9EDAB23163AFA00D2366E /* Detail.storyboard */,
			);
			path = Storyboard;
			sourceTree = "<group>";
		};
		559339AE23164DC6004CF269 /* Controller */ = {
			isa = PBXGroup;
			children = (
				55618FD8231509ED005F1E0B /* MobileItemViewController.swift */,
				55F9EDA7231638AE00D2366E /* DetailViewController.swift */,
			);
			path = Controller;
			sourceTree = "<group>";
		};
		559339AF23164DCF004CF269 /* Cell */ = {
			isa = PBXGroup;
			children = (
				55F4AD7D231513B6004417D5 /* MobileTableViewCell.swift */,
				55F9EDA9231638D400D2366E /* DetailCollectionViewCell.swift */,
			);
			path = Cell;
			sourceTree = "<group>";
		};
		55F9ED9E23161D8A00D2366E /* Image */ = {
			isa = PBXGroup;
			children = (
				55F9EDA023161D9F00D2366E /* star-tap.png */,
				55F9ED9F23161D9F00D2366E /* star.png */,
			);
			path = Image;
			sourceTree = "<group>";
		};
		5E52BF965F5317DEC6C16C27 /* Frameworks */ = {
			isa = PBXGroup;
			children = (
				2FDEC84C41047ECACF0F85B0 /* Pods_MobileBuyer.framework */,
			);
			name = Frameworks;
			sourceTree = "<group>";
		};
/* End PBXGroup section */

/* Begin PBXNativeTarget section */
		55618FBE23150990005F1E0B /* MobileBuyer */ = {
			isa = PBXNativeTarget;
			buildConfigurationList = 55618FD123150991005F1E0B /* Build configuration list for PBXNativeTarget "MobileBuyer" */;
			buildPhases = (
				9BD0A6289076A1C37590C855 /* [CP] Check Pods Manifest.lock */,
				55618FBB23150990005F1E0B /* Sources */,
				55618FBC23150990005F1E0B /* Frameworks */,
				55618FBD23150990005F1E0B /* Resources */,
				8EC6782B803C8FF5536AB095 /* [CP] Embed Pods Frameworks */,
			);
			buildRules = (
			);
			dependencies = (
			);
			name = MobileBuyer;
			productName = MobileBuyer;
			productReference = 55618FBF23150990005F1E0B /* MobileBuyer.app */;
			productType = "com.apple.product-type.application";
		};
/* End PBXNativeTarget section */

/* Begin PBXProject section */
		55618FB723150990005F1E0B /* Project object */ = {
			isa = PBXProject;
			attributes = {
				LastSwiftUpdateCheck = 1020;
				LastUpgradeCheck = 1020;
				ORGANIZATIONNAME = "Nanthicha Kritveeranant";
				TargetAttributes = {
					55618FBE23150990005F1E0B = {
						CreatedOnToolsVersion = 10.2.1;
					};
				};
			};
			buildConfigurationList = 55618FBA23150990005F1E0B /* Build configuration list for PBXProject "MobileBuyer" */;
			compatibilityVersion = "Xcode 9.3";
			developmentRegion = en;
			hasScannedForEncodings = 0;
			knownRegions = (
				en,
				Base,
			);
			mainGroup = 55618FB623150990005F1E0B;
			productRefGroup = 55618FC023150990005F1E0B /* Products */;
			projectDirPath = "";
			projectRoot = "";
			targets = (
				55618FBE23150990005F1E0B /* MobileBuyer */,
			);
		};
/* End PBXProject section */

/* Begin PBXResourcesBuildPhase section */
		55618FBD23150990005F1E0B /* Resources */ = {
			isa = PBXResourcesBuildPhase;
			buildActionMask = 2147483647;
			files = (
				55F9EDA223161D9F00D2366E /* star-tap.png in Resources */,
				55618FCD23150991005F1E0B /* LaunchScreen.storyboard in Resources */,
				55F9EDAC23163AFA00D2366E /* Detail.storyboard in Resources */,
				55618FCA23150991005F1E0B /* Assets.xcassets in Resources */,
				55618FC823150990005F1E0B /* Main.storyboard in Resources */,
				55618FD7231509D2005F1E0B /* MobileItem.storyboard in Resources */,
				55F9EDA123161D9F00D2366E /* star.png in Resources */,
			);
			runOnlyForDeploymentPostprocessing = 0;
		};
/* End PBXResourcesBuildPhase section */

/* Begin PBXShellScriptBuildPhase section */
		8EC6782B803C8FF5536AB095 /* [CP] Embed Pods Frameworks */ = {
			isa = PBXShellScriptBuildPhase;
			buildActionMask = 2147483647;
			files = (
			);
			inputFileListPaths = (
				"${PODS_ROOT}/Target Support Files/Pods-MobileBuyer/Pods-MobileBuyer-frameworks-${CONFIGURATION}-input-files.xcfilelist",
			);
			name = "[CP] Embed Pods Frameworks";
			outputFileListPaths = (
				"${PODS_ROOT}/Target Support Files/Pods-MobileBuyer/Pods-MobileBuyer-frameworks-${CONFIGURATION}-output-files.xcfilelist",
			);
			runOnlyForDeploymentPostprocessing = 0;
			shellPath = /bin/sh;
			shellScript = "\"${PODS_ROOT}/Target Support Files/Pods-MobileBuyer/Pods-MobileBuyer-frameworks.sh\"\n";
			showEnvVarsInLog = 0;
		};
		9BD0A6289076A1C37590C855 /* [CP] Check Pods Manifest.lock */ = {
			isa = PBXShellScriptBuildPhase;
			buildActionMask = 2147483647;
			files = (
			);
			inputFileListPaths = (
			);
			inputPaths = (
				"${PODS_PODFILE_DIR_PATH}/Podfile.lock",
				"${PODS_ROOT}/Manifest.lock",
			);
			name = "[CP] Check Pods Manifest.lock";
			outputFileListPaths = (
			);
			outputPaths = (
				"$(DERIVED_FILE_DIR)/Pods-MobileBuyer-checkManifestLockResult.txt",
			);
			runOnlyForDeploymentPostprocessing = 0;
			shellPath = /bin/sh;
			shellScript = "diff \"${PODS_PODFILE_DIR_PATH}/Podfile.lock\" \"${PODS_ROOT}/Manifest.lock\" > /dev/null\nif [ $? != 0 ] ; then\n    # print error to STDERR\n    echo \"error: The sandbox is not in sync with the Podfile.lock. Run 'pod install' or update your CocoaPods installation.\" >&2\n    exit 1\nfi\n# This output is used by Xcode 'outputs' to avoid re-running this script phase.\necho \"SUCCESS\" > \"${SCRIPT_OUTPUT_FILE_0}\"\n";
			showEnvVarsInLog = 0;
		};
/* End PBXShellScriptBuildPhase section */

/* Begin PBXSourcesBuildPhase section */
		55618FBB23150990005F1E0B /* Sources */ = {
			isa = PBXSourcesBuildPhase;
			buildActionMask = 2147483647;
			files = (
				55F9EDAA231638D400D2366E /* DetailCollectionViewCell.swift in Sources */,
				55618FDF23150A17005F1E0B /* Model.swift in Sources */,
				55618FD9231509ED005F1E0B /* MobileItemViewController.swift in Sources */,
				55618FC523150990005F1E0B /* ViewController.swift in Sources */,
				55618FC323150990005F1E0B /* AppDelegate.swift in Sources */,
				55F4AD85231540D1004417D5 /* Additional.swift in Sources */,
				55F4AD7E231513B6004417D5 /* MobileTableViewCell.swift in Sources */,
				55F9EDA8231638AE00D2366E /* DetailViewController.swift in Sources */,
				559339B32316E3DB004CF269 /* PictureModel.swift in Sources */,
				55F4AD8323151B71004417D5 /* FeedData.swift in Sources */,
			);
			runOnlyForDeploymentPostprocessing = 0;
		};
/* End PBXSourcesBuildPhase section */

/* Begin PBXVariantGroup section */
		55618FC623150990005F1E0B /* Main.storyboard */ = {
			isa = PBXVariantGroup;
			children = (
				55618FC723150990005F1E0B /* Base */,
			);
			name = Main.storyboard;
			sourceTree = "<group>";
		};
		55618FCB23150991005F1E0B /* LaunchScreen.storyboard */ = {
			isa = PBXVariantGroup;
			children = (
				55618FCC23150991005F1E0B /* Base */,
			);
			name = LaunchScreen.storyboard;
			sourceTree = "<group>";
		};
/* End PBXVariantGroup section */

/* Begin XCBuildConfiguration section */
		55618FCF23150991005F1E0B /* Debug */ = {
			isa = XCBuildConfiguration;
			buildSettings = {
				ALWAYS_SEARCH_USER_PATHS = NO;
				CLANG_ANALYZER_NONNULL = YES;
				CLANG_ANALYZER_NUMBER_OBJECT_CONVERSION = YES_AGGRESSIVE;
				CLANG_CXX_LANGUAGE_STANDARD = "gnu++14";
				CLANG_CXX_LIBRARY = "libc++";
				CLANG_ENABLE_MODULES = YES;
				CLANG_ENABLE_OBJC_ARC = YES;
				CLANG_ENABLE_OBJC_WEAK = YES;
				CLANG_WARN_BLOCK_CAPTURE_AUTORELEASING = YES;
				CLANG_WARN_BOOL_CONVERSION = YES;
				CLANG_WARN_COMMA = YES;
				CLANG_WARN_CONSTANT_CONVERSION = YES;
				CLANG_WARN_DEPRECATED_OBJC_IMPLEMENTATIONS = YES;
				CLANG_WARN_DIRECT_OBJC_ISA_USAGE = YES_ERROR;
				CLANG_WARN_DOCUMENTATION_COMMENTS = YES;
				CLANG_WARN_EMPTY_BODY = YES;
				CLANG_WARN_ENUM_CONVERSION = YES;
				CLANG_WARN_INFINITE_RECURSION = YES;
				CLANG_WARN_INT_CONVERSION = YES;
				CLANG_WARN_NON_LITERAL_NULL_CONVERSION = YES;
				CLANG_WARN_OBJC_IMPLICIT_RETAIN_SELF = YES;
				CLANG_WARN_OBJC_LITERAL_CONVERSION = YES;
				CLANG_WARN_OBJC_ROOT_CLASS = YES_ERROR;
				CLANG_WARN_RANGE_LOOP_ANALYSIS = YES;
				CLANG_WARN_STRICT_PROTOTYPES = YES;
				CLANG_WARN_SUSPICIOUS_MOVE = YES;
				CLANG_WARN_UNGUARDED_AVAILABILITY = YES_AGGRESSIVE;
				CLANG_WARN_UNREACHABLE_CODE = YES;
				CLANG_WARN__DUPLICATE_METHOD_MATCH = YES;
				CODE_SIGN_IDENTITY = "iPhone Developer";
				COPY_PHASE_STRIP = NO;
				DEBUG_INFORMATION_FORMAT = dwarf;
				ENABLE_STRICT_OBJC_MSGSEND = YES;
				ENABLE_TESTABILITY = YES;
				GCC_C_LANGUAGE_STANDARD = gnu11;
				GCC_DYNAMIC_NO_PIC = NO;
				GCC_NO_COMMON_BLOCKS = YES;
				GCC_OPTIMIZATION_LEVEL = 0;
				GCC_PREPROCESSOR_DEFINITIONS = (
					"DEBUG=1",
					"$(inherited)",
				);
				GCC_WARN_64_TO_32_BIT_CONVERSION = YES;
				GCC_WARN_ABOUT_RETURN_TYPE = YES_ERROR;
				GCC_WARN_UNDECLARED_SELECTOR = YES;
				GCC_WARN_UNINITIALIZED_AUTOS = YES_AGGRESSIVE;
				GCC_WARN_UNUSED_FUNCTION = YES;
				GCC_WARN_UNUSED_VARIABLE = YES;
				IPHONEOS_DEPLOYMENT_TARGET = 12.2;
				MTL_ENABLE_DEBUG_INFO = INCLUDE_SOURCE;
				MTL_FAST_MATH = YES;
				ONLY_ACTIVE_ARCH = YES;
				SDKROOT = iphoneos;
				SWIFT_ACTIVE_COMPILATION_CONDITIONS = DEBUG;
				SWIFT_OPTIMIZATION_LEVEL = "-Onone";
			};
			name = Debug;
		};
		55618FD023150991005F1E0B /* Release */ = {
			isa = XCBuildConfiguration;
			buildSettings = {
				ALWAYS_SEARCH_USER_PATHS = NO;
				CLANG_ANALYZER_NONNULL = YES;
				CLANG_ANALYZER_NUMBER_OBJECT_CONVERSION = YES_AGGRESSIVE;
				CLANG_CXX_LANGUAGE_STANDARD = "gnu++14";
				CLANG_CXX_LIBRARY = "libc++";
				CLANG_ENABLE_MODULES = YES;
				CLANG_ENABLE_OBJC_ARC = YES;
				CLANG_ENABLE_OBJC_WEAK = YES;
				CLANG_WARN_BLOCK_CAPTURE_AUTORELEASING = YES;
				CLANG_WARN_BOOL_CONVERSION = YES;
				CLANG_WARN_COMMA = YES;
				CLANG_WARN_CONSTANT_CONVERSION = YES;
				CLANG_WARN_DEPRECATED_OBJC_IMPLEMENTATIONS = YES;
				CLANG_WARN_DIRECT_OBJC_ISA_USAGE = YES_ERROR;
				CLANG_WARN_DOCUMENTATION_COMMENTS = YES;
				CLANG_WARN_EMPTY_BODY = YES;
				CLANG_WARN_ENUM_CONVERSION = YES;
				CLANG_WARN_INFINITE_RECURSION = YES;
				CLANG_WARN_INT_CONVERSION = YES;
				CLANG_WARN_NON_LITERAL_NULL_CONVERSION = YES;
				CLANG_WARN_OBJC_IMPLICIT_RETAIN_SELF = YES;
				CLANG_WARN_OBJC_LITERAL_CONVERSION = YES;
				CLANG_WARN_OBJC_ROOT_CLASS = YES_ERROR;
				CLANG_WARN_RANGE_LOOP_ANALYSIS = YES;
				CLANG_WARN_STRICT_PROTOTYPES = YES;
				CLANG_WARN_SUSPICIOUS_MOVE = YES;
				CLANG_WARN_UNGUARDED_AVAILABILITY = YES_AGGRESSIVE;
				CLANG_WARN_UNREACHABLE_CODE = YES;
				CLANG_WARN__DUPLICATE_METHOD_MATCH = YES;
				CODE_SIGN_IDENTITY = "iPhone Developer";
				COPY_PHASE_STRIP = NO;
				DEBUG_INFORMATION_FORMAT = "dwarf-with-dsym";
				ENABLE_NS_ASSERTIONS = NO;
				ENABLE_STRICT_OBJC_MSGSEND = YES;
				GCC_C_LANGUAGE_STANDARD = gnu11;
				GCC_NO_COMMON_BLOCKS = YES;
				GCC_WARN_64_TO_32_BIT_CONVERSION = YES;
				GCC_WARN_ABOUT_RETURN_TYPE = YES_ERROR;
				GCC_WARN_UNDECLARED_SELECTOR = YES;
				GCC_WARN_UNINITIALIZED_AUTOS = YES_AGGRESSIVE;
				GCC_WARN_UNUSED_FUNCTION = YES;
				GCC_WARN_UNUSED_VARIABLE = YES;
				IPHONEOS_DEPLOYMENT_TARGET = 12.2;
				MTL_ENABLE_DEBUG_INFO = NO;
				MTL_FAST_MATH = YES;
				SDKROOT = iphoneos;
				SWIFT_COMPILATION_MODE = wholemodule;
				SWIFT_OPTIMIZATION_LEVEL = "-O";
				VALIDATE_PRODUCT = YES;
			};
			name = Release;
		};
		55618FD223150991005F1E0B /* Debug */ = {
			isa = XCBuildConfiguration;
			baseConfigurationReference = BD735ABF97C1FF13AB6395ED /* Pods-MobileBuyer.debug.xcconfig */;
			buildSettings = {
				ASSETCATALOG_COMPILER_APPICON_NAME = AppIcon;
				CODE_SIGN_STYLE = Automatic;
				INFOPLIST_FILE = MobileBuyer/Info.plist;
				LD_RUNPATH_SEARCH_PATHS = (
					"$(inherited)",
					"@executable_path/Frameworks",
				);
				PRODUCT_BUNDLE_IDENTIFIER = com.scb.ios.MobileBuyer;
				PRODUCT_NAME = "$(TARGET_NAME)";
				SWIFT_VERSION = 5.0;
				TARGETED_DEVICE_FAMILY = "1,2";
			};
			name = Debug;
		};
		55618FD323150991005F1E0B /* Release */ = {
			isa = XCBuildConfiguration;
			baseConfigurationReference = 9E3795D4F221463163D3D0EC /* Pods-MobileBuyer.release.xcconfig */;
			buildSettings = {
				ASSETCATALOG_COMPILER_APPICON_NAME = AppIcon;
				CODE_SIGN_STYLE = Automatic;
				INFOPLIST_FILE = MobileBuyer/Info.plist;
				LD_RUNPATH_SEARCH_PATHS = (
					"$(inherited)",
					"@executable_path/Frameworks",
				);
				PRODUCT_BUNDLE_IDENTIFIER = com.scb.ios.MobileBuyer;
				PRODUCT_NAME = "$(TARGET_NAME)";
				SWIFT_VERSION = 5.0;
				TARGETED_DEVICE_FAMILY = "1,2";
			};
			name = Release;
		};
/* End XCBuildConfiguration section */

/* Begin XCConfigurationList section */
		55618FBA23150990005F1E0B /* Build configuration list for PBXProject "MobileBuyer" */ = {
			isa = XCConfigurationList;
			buildConfigurations = (
				55618FCF23150991005F1E0B /* Debug */,
				55618FD023150991005F1E0B /* Release */,
			);
			defaultConfigurationIsVisible = 0;
			defaultConfigurationName = Release;
		};
		55618FD123150991005F1E0B /* Build configuration list for PBXNativeTarget "MobileBuyer" */ = {
			isa = XCConfigurationList;
			buildConfigurations = (
				55618FD223150991005F1E0B /* Debug */,
				55618FD323150991005F1E0B /* Release */,
			);
			defaultConfigurationIsVisible = 0;
			defaultConfigurationName = Release;
		};
/* End XCConfigurationList section */
	};
	rootObject = 55618FB723150990005F1E0B /* Project object */;
}
